
Microsoft Visual Studio Solution File, Format Version 12.00
# Visual Studio Version 16
VisualStudioVersion = 16.0.29519.87
MinimumVisualStudioVersion = 10.0.40219.1
Project("{FAE04EC0-301F-11D3-BF4B-00C04F79EFBC}") = "Examenapp", "Examenapp\Examenapp.csproj", "{46B4CB20-9F33-4110-B646-0F6E97730FC7}"
EndProject
Global
	GlobalSection(SolutionConfigurationPlatforms) = preSolution
		Debug|Any CPU = Debug|Any CPU
		Release|Any CPU = Release|Any CPU
	EndGlobalSection
	GlobalSection(ProjectConfigurationPlatforms) = postSolution
		{46B4CB20-9F33-4110-B646-0F6E97730FC7}.Debug|Any CPU.ActiveCfg = Debug|Any CPU
		{46B4CB20-9F33-4110-B646-0F6E97730FC7}.Debug|Any CPU.Build.0 = Debug|Any CPU
		{46B4CB20-9F33-4110-B646-0F6E97730FC7}.Release|Any CPU.ActiveCfg = Release|Any CPU
		{46B4CB20-9F33-4110-B646-0F6E97730FC7}.Release|Any CPU.Build.0 = Release|Any CPU
	EndGlobalSection
	GlobalSection(SolutionProperties) = preSolution
		HideSolutionNode = FALSE
	EndGlobalSection
	GlobalSection(ExtensibilityGlobals) = postSolution
		SolutionGuid = {F3FA1BA5-9D32-459C-8C51-BD453539EFB1}
	EndGlobalSection
EndGlobal
